// !$*UTF8*$!
{
	archiveVersion = 1;
	classes = {
	};
	objectVersion = 50;
	objects = {

/* Begin PBXBuildFile section */
		1462DFC520F2628500A5A139 /* AppDelegate.swift in Sources */ = {isa = PBXBuildFile; fileRef = 1462DFC420F2628500A5A139 /* AppDelegate.swift */; };
		1462DFC720F2628500A5A139 /* FirstViewController.swift in Sources */ = {isa = PBXBuildFile; fileRef = 1462DFC620F2628500A5A139 /* FirstViewController.swift */; };
		1462DFC920F2628500A5A139 /* SecondViewController.swift in Sources */ = {isa = PBXBuildFile; fileRef = 1462DFC820F2628500A5A139 /* SecondViewController.swift */; };
		1462DFCC20F2628500A5A139 /* Main.storyboard in Resources */ = {isa = PBXBuildFile; fileRef = 1462DFCA20F2628500A5A139 /* Main.storyboard */; };
		1462DFD120F2628700A5A139 /* LaunchScreen.storyboard in Resources */ = {isa = PBXBuildFile; fileRef = 1462DFCF20F2628700A5A139 /* LaunchScreen.storyboard */; };
		1462DFDC20F2628700A5A139 /* LGCTemplateTests.swift in Sources */ = {isa = PBXBuildFile; fileRef = 1462DFDB20F2628700A5A139 /* LGCTemplateTests.swift */; };
		1462DFE720F2628700A5A139 /* LGCTemplateUITests.swift in Sources */ = {isa = PBXBuildFile; fileRef = 1462DFE620F2628700A5A139 /* LGCTemplateUITests.swift */; };
		14FD111F20F28CA0002AA3F3 /* Assets.xcassets in Resources */ = {isa = PBXBuildFile; fileRef = 14FD111E20F28CA0002AA3F3 /* Assets.xcassets */; };
		14FD112120F29A90002AA3F3 /* ThirdScreenViewController.swift in Sources */ = {isa = PBXBuildFile; fileRef = 14FD112020F29A90002AA3F3 /* ThirdScreenViewController.swift */; };
/* End PBXBuildFile section */

/* Begin PBXContainerItemProxy section */
		1462DFD820F2628700A5A139 /* PBXContainerItemProxy */ = {
			isa = PBXContainerItemProxy;
			containerPortal = 1462DFB920F2628500A5A139 /* Project object */;
			proxyType = 1;
			remoteGlobalIDString = 1462DFC020F2628500A5A139;
			remoteInfo = LGCTemplate;
		};
		1462DFE320F2628700A5A139 /* PBXContainerItemProxy */ = {
			isa = PBXContainerItemProxy;
			containerPortal = 1462DFB920F2628500A5A139 /* Project object */;
			proxyType = 1;
			remoteGlobalIDString = 1462DFC020F2628500A5A139;
			remoteInfo = LGCTemplate;
		};
/* End PBXContainerItemProxy section */

/* Begin PBXFileReference section */
		1462DFC120F2628500A5A139 /* LGCTemplate.app */ = {isa = PBXFileReference; explicitFileType = wrapper.application; includeInIndex = 0; path = LGCTemplate.app; sourceTree = BUILT_PRODUCTS_DIR; };
		1462DFC420F2628500A5A139 /* AppDelegate.swift */ = {isa = PBXFileReference; lastKnownFileType = sourcecode.swift; path = AppDelegate.swift; sourceTree = "<group>"; };
		1462DFC620F2628500A5A139 /* FirstViewController.swift */ = {isa = PBXFileReference; lastKnownFileType = sourcecode.swift; path = FirstViewController.swift; sourceTree = "<group>"; };
		1462DFC820F2628500A5A139 /* SecondViewController.swift */ = {isa = PBXFileReference; lastKnownFileType = sourcecode.swift; path = SecondViewController.swift; sourceTree = "<group>"; };
		1462DFCB20F2628500A5A139 /* Base */ = {isa = PBXFileReference; lastKnownFileType = file.storyboard; name = Base; path = Base.lproj/Main.storyboard; sourceTree = "<group>"; };
		1462DFD020F2628700A5A139 /* Base */ = {isa = PBXFileReference; lastKnownFileType = file.storyboard; name = Base; path = Base.lproj/LaunchScreen.storyboard; sourceTree = "<group>"; };
		1462DFD220F2628700A5A139 /* Info.plist */ = {isa = PBXFileReference; lastKnownFileType = text.plist.xml; path = Info.plist; sourceTree = "<group>"; };
		1462DFD720F2628700A5A139 /* LGCTemplateTests.xctest */ = {isa = PBXFileReference; explicitFileType = wrapper.cfbundle; includeInIndex = 0; path = LGCTemplateTests.xctest; sourceTree = BUILT_PRODUCTS_DIR; };
		1462DFDB20F2628700A5A139 /* LGCTemplateTests.swift */ = {isa = PBXFileReference; lastKnownFileType = sourcecode.swift; path = LGCTemplateTests.swift; sourceTree = "<group>"; };
		1462DFDD20F2628700A5A139 /* Info.plist */ = {isa = PBXFileReference; lastKnownFileType = text.plist.xml; path = Info.plist; sourceTree = "<group>"; };
		1462DFE220F2628700A5A139 /* LGCTemplateUITests.xctest */ = {isa = PBXFileReference; explicitFileType = wrapper.cfbundle; includeInIndex = 0; path = LGCTemplateUITests.xctest; sourceTree = BUILT_PRODUCTS_DIR; };
		1462DFE620F2628700A5A139 /* LGCTemplateUITests.swift */ = {isa = PBXFileReference; lastKnownFileType = sourcecode.swift; path = LGCTemplateUITests.swift; sourceTree = "<group>"; };
		1462DFE820F2628700A5A139 /* Info.plist */ = {isa = PBXFileReference; lastKnownFileType = text.plist.xml; path = Info.plist; sourceTree = "<group>"; };
		14FD111E20F28CA0002AA3F3 /* Assets.xcassets */ = {isa = PBXFileReference; lastKnownFileType = folder.assetcatalog; path = Assets.xcassets; sourceTree = "<group>"; };
		14FD112020F29A90002AA3F3 /* ThirdScreenViewController.swift */ = {isa = PBXFileReference; lastKnownFileType = sourcecode.swift; path = ThirdScreenViewController.swift; sourceTree = "<group>"; };
/* End PBXFileReference section */

/* Begin PBXFrameworksBuildPhase section */
		1462DFBE20F2628500A5A139 /* Frameworks */ = {
			isa = PBXFrameworksBuildPhase;
			buildActionMask = 2147483647;
			files = (
			);
			runOnlyForDeploymentPostprocessing = 0;
		};
		1462DFD420F2628700A5A139 /* Frameworks */ = {
			isa = PBXFrameworksBuildPhase;
			buildActionMask = 2147483647;
			files = (
			);
			runOnlyForDeploymentPostprocessing = 0;
		};
		1462DFDF20F2628700A5A139 /* Frameworks */ = {
			isa = PBXFrameworksBuildPhase;
			buildActionMask = 2147483647;
			files = (
			);
			runOnlyForDeploymentPostprocessing = 0;
		};
/* End PBXFrameworksBuildPhase section */

/* Begin PBXGroup section */
		1462DFB820F2628500A5A139 = {
			isa = PBXGroup;
			children = (
				1462DFC320F2628500A5A139 /* LGCTemplate */,
				1462DFDA20F2628700A5A139 /* LGCTemplateTests */,
				1462DFE520F2628700A5A139 /* LGCTemplateUITests */,
				1462DFC220F2628500A5A139 /* Products */,
			);
			sourceTree = "<group>";
		};
		1462DFC220F2628500A5A139 /* Products */ = {
			isa = PBXGroup;
			children = (
				1462DFC120F2628500A5A139 /* LGCTemplate.app */,
				1462DFD720F2628700A5A139 /* LGCTemplateTests.xctest */,
				1462DFE220F2628700A5A139 /* LGCTemplateUITests.xctest */,
			);
			name = Products;
			sourceTree = "<group>";
		};
		1462DFC320F2628500A5A139 /* LGCTemplate */ = {
			isa = PBXGroup;
			children = (
				14FD111E20F28CA0002AA3F3 /* Assets.xcassets */,
				1462DFC420F2628500A5A139 /* AppDelegate.swift */,
				1462DFC620F2628500A5A139 /* FirstViewController.swift */,
				1462DFC820F2628500A5A139 /* SecondViewController.swift */,
				1462DFCA20F2628500A5A139 /* Main.storyboard */,
				14FD112020F29A90002AA3F3 /* ThirdScreenViewController.swift */,
				1462DFCF20F2628700A5A139 /* LaunchScreen.storyboard */,
				1462DFD220F2628700A5A139 /* Info.plist */,
			);
			path = LGCTemplate;
			sourceTree = "<group>";
		};
		1462DFDA20F2628700A5A139 /* LGCTemplateTests */ = {
			isa = PBXGroup;
			children = (
				1462DFDB20F2628700A5A139 /* LGCTemplateTests.swift */,
				1462DFDD20F2628700A5A139 /* Info.plist */,
			);
			path = LGCTemplateTests;
			sourceTree = "<group>";
		};
		1462DFE520F2628700A5A139 /* LGCTemplateUITests */ = {
			isa = PBXGroup;
			children = (
				1462DFE620F2628700A5A139 /* LGCTemplateUITests.swift */,
				1462DFE820F2628700A5A139 /* Info.plist */,
			);
			path = LGCTemplateUITests;
			sourceTree = "<group>";
		};
/* End PBXGroup section */

/* Begin PBXNativeTarget section */
		1462DFC020F2628500A5A139 /* LGCTemplate */ = {
			isa = PBXNativeTarget;
			buildConfigurationList = 1462DFEB20F2628700A5A139 /* Build configuration list for PBXNativeTarget "LGCTemplate" */;
			buildPhases = (
				1462DFBD20F2628500A5A139 /* Sources */,
				1462DFBE20F2628500A5A139 /* Frameworks */,
				1462DFBF20F2628500A5A139 /* Resources */,
			);
			buildRules = (
			);
			dependencies = (
			);
			name = LGCTemplate;
			productName = LGCTemplate;
			productReference = 1462DFC120F2628500A5A139 /* LGCTemplate.app */;
			productType = "com.apple.product-type.application";
		};
		1462DFD620F2628700A5A139 /* LGCTemplateTests */ = {
			isa = PBXNativeTarget;
			buildConfigurationList = 1462DFEE20F2628700A5A139 /* Build configuration list for PBXNativeTarget "LGCTemplateTests" */;
			buildPhases = (
				1462DFD320F2628700A5A139 /* Sources */,
				1462DFD420F2628700A5A139 /* Frameworks */,
				1462DFD520F2628700A5A139 /* Resources */,
			);
			buildRules = (
			);
			dependencies = (
				1462DFD920F2628700A5A139 /* PBXTargetDependency */,
			);
			name = LGCTemplateTests;
			productName = LGCTemplateTests;
			productReference = 1462DFD720F2628700A5A139 /* LGCTemplateTests.xctest */;
			productType = "com.apple.product-type.bundle.unit-test";
		};
		1462DFE120F2628700A5A139 /* LGCTemplateUITests */ = {
			isa = PBXNativeTarget;
			buildConfigurationList = 1462DFF120F2628700A5A139 /* Build configuration list for PBXNativeTarget "LGCTemplateUITests" */;
			buildPhases = (
				1462DFDE20F2628700A5A139 /* Sources */,
				1462DFDF20F2628700A5A139 /* Frameworks */,
				1462DFE020F2628700A5A139 /* Resources */,
			);
			buildRules = (
			);
			dependencies = (
				1462DFE420F2628700A5A139 /* PBXTargetDependency */,
			);
			name = LGCTemplateUITests;
			productName = LGCTemplateUITests;
			productReference = 1462DFE220F2628700A5A139 /* LGCTemplateUITests.xctest */;
			productType = "com.apple.product-type.bundle.ui-testing";
		};
/* End PBXNativeTarget section */

/* Begin PBXProject section */
		1462DFB920F2628500A5A139 /* Project object */ = {
			isa = PBXProject;
			attributes = {
				LastSwiftUpdateCheck = 0940;
				LastUpgradeCheck = 0940;
				ORGANIZATIONNAME = "Rakesh Das";
				TargetAttributes = {
					1462DFC020F2628500A5A139 = {
						CreatedOnToolsVersion = 9.4.1;
					};
					1462DFD620F2628700A5A139 = {
						CreatedOnToolsVersion = 9.4.1;
						TestTargetID = 1462DFC020F2628500A5A139;
					};
					1462DFE120F2628700A5A139 = {
						CreatedOnToolsVersion = 9.4.1;
						TestTargetID = 1462DFC020F2628500A5A139;
					};
				};
			};
			buildConfigurationList = 1462DFBC20F2628500A5A139 /* Build configuration list for PBXProject "LGCTemplate" */;
			compatibilityVersion = "Xcode 9.3";
			developmentRegion = en;
			hasScannedForEncodings = 0;
			knownRegions = (
				en,
				Base,
			);
			mainGroup = 1462DFB820F2628500A5A139;
			productRefGroup = 1462DFC220F2628500A5A139 /* Products */;
			projectDirPath = "";
			projectRoot = "";
			targets = (
				1462DFC020F2628500A5A139 /* LGCTemplate */,
				1462DFD620F2628700A5A139 /* LGCTemplateTests */,
				1462DFE120F2628700A5A139 /* LGCTemplateUITests */,
			);
		};
/* End PBXProject section */

/* Begin PBXResourcesBuildPhase section */
		1462DFBF20F2628500A5A139 /* Resources */ = {
			isa = PBXResourcesBuildPhase;
			buildActionMask = 2147483647;
			files = (
				1462DFD120F2628700A5A139 /* LaunchScreen.storyboard in Resources */,
				14FD111F20F28CA0002AA3F3 /* Assets.xcassets in Resources */,
				1462DFCC20F2628500A5A139 /* Main.storyboard in Resources */,
			);
			runOnlyForDeploymentPostprocessing = 0;
		};
		1462DFD520F2628700A5A139 /* Resources */ = {
			isa = PBXResourcesBuildPhase;
			buildActionMask = 2147483647;
			files = (
			);
			runOnlyForDeploymentPostprocessing = 0;
		};
		1462DFE020F2628700A5A139 /* Resources */ = {
			isa = PBXResourcesBuildPhase;
			buildActionMask = 2147483647;
			files = (
			);
			runOnlyForDeploymentPostprocessing = 0;
		};
/* End PBXResourcesBuildPhase section */

/* Begin PBXSourcesBuildPhase section */
		1462DFBD20F2628500A5A139 /* Sources */ = {
			isa = PBXSourcesBuildPhase;
			buildActionMask = 2147483647;
			files = (
				14FD112120F29A90002AA3F3 /* ThirdScreenViewController.swift in Sources */,
				1462DFC920F2628500A5A139 /* SecondViewController.swift in Sources */,
				1462DFC520F2628500A5A139 /* AppDelegate.swift in Sources */,
				1462DFC720F2628500A5A139 /* FirstViewController.swift in Sources */,
			);
			runOnlyForDeploymentPostprocessing = 0;
		};
		1462DFD320F2628700A5A139 /* Sources */ = {
			isa = PBXSourcesBuildPhase;
			buildActionMask = 2147483647;
			files = (
				1462DFDC20F2628700A5A139 /* LGCTemplateTests.swift in Sources */,
			);
			runOnlyForDeploymentPostprocessing = 0;
		};
		1462DFDE20F2628700A5A139 /* Sources */ = {
			isa = PBXSourcesBuildPhase;
			buildActionMask = 2147483647;
			files = (
				1462DFE720F2628700A5A139 /* LGCTemplateUITests.swift in Sources */,
			);
			runOnlyForDeploymentPostprocessing = 0;
		};
/* End PBXSourcesBuildPhase section */

/* Begin PBXTargetDependency section */
		1462DFD920F2628700A5A139 /* PBXTargetDependency */ = {
			isa = PBXTargetDependency;
			target = 1462DFC020F2628500A5A139 /* LGCTemplate */;
			targetProxy = 1462DFD820F2628700A5A139 /* PBXContainerItemProxy */;
		};
		1462DFE420F2628700A5A139 /* PBXTargetDependency */ = {
			isa = PBXTargetDependency;
			target = 1462DFC020F2628500A5A139 /* LGCTemplate */;
			targetProxy = 1462DFE320F2628700A5A139 /* PBXContainerItemProxy */;
		};
/* End PBXTargetDependency section */

/* Begin PBXVariantGroup section */
		1462DFCA20F2628500A5A139 /* Main.storyboard */ = {
			isa = PBXVariantGroup;
			children = (
				1462DFCB20F2628500A5A139 /* Base */,
			);
			name = Main.storyboard;
			sourceTree = "<group>";
		};
		1462DFCF20F2628700A5A139 /* LaunchScreen.storyboard */ = {
			isa = PBXVariantGroup;
			children = (
				1462DFD020F2628700A5A139 /* Base */,
			);
			name = LaunchScreen.storyboard;
			sourceTree = "<group>";
		};
/* End PBXVariantGroup section */

/* Begin XCBuildConfiguration section */
		1462DFE920F2628700A5A139 /* Debug */ = {
			isa = XCBuildConfiguration;
			buildSettings = {
				ALWAYS_SEARCH_USER_PATHS = NO;
				CLANG_ANALYZER_NONNULL = YES;
				CLANG_ANALYZER_NUMBER_OBJECT_CONVERSION = YES_AGGRESSIVE;
				CLANG_CXX_LANGUAGE_STANDARD = "gnu++14";
				CLANG_CXX_LIBRARY = "libc++";
				CLANG_ENABLE_MODULES = YES;
				CLANG_ENABLE_OBJC_ARC = YES;
				CLANG_ENABLE_OBJC_WEAK = YES;
				CLANG_WARN_BLOCK_CAPTURE_AUTORELEASING = YES;
				CLANG_WARN_BOOL_CONVERSION = YES;
				CLANG_WARN_COMMA = YES;
				CLANG_WARN_CONSTANT_CONVERSION = YES;
				CLANG_WARN_DEPRECATED_OBJC_IMPLEMENTATIONS = YES;
				CLANG_WARN_DIRECT_OBJC_ISA_USAGE = YES_ERROR;
				CLANG_WARN_DOCUMENTATION_COMMENTS = YES;
				CLANG_WARN_EMPTY_BODY = YES;
				CLANG_WARN_ENUM_CONVERSION = YES;
				CLANG_WARN_INFINITE_RECURSION = YES;
				CLANG_WARN_INT_CONVERSION = YES;
				CLANG_WARN_NON_LITERAL_NULL_CONVERSION = YES;
				CLANG_WARN_OBJC_IMPLICIT_RETAIN_SELF = YES;
				CLANG_WARN_OBJC_LITERAL_CONVERSION = YES;
				CLANG_WARN_OBJC_ROOT_CLASS = YES_ERROR;
				CLANG_WARN_RANGE_LOOP_ANALYSIS = YES;
				CLANG_WARN_STRICT_PROTOTYPES = YES;
				CLANG_WARN_SUSPICIOUS_MOVE = YES;
				CLANG_WARN_UNGUARDED_AVAILABILITY = YES_AGGRESSIVE;
				CLANG_WARN_UNREACHABLE_CODE = YES;
				CLANG_WARN__DUPLICATE_METHOD_MATCH = YES;
				CODE_SIGN_IDENTITY = "iPhone Developer";
				COPY_PHASE_STRIP = NO;
				DEBUG_INFORMATION_FORMAT = dwarf;
				ENABLE_STRICT_OBJC_MSGSEND = YES;
				ENABLE_TESTABILITY = YES;
				GCC_C_LANGUAGE_STANDARD = gnu11;
				GCC_DYNAMIC_NO_PIC = NO;
				GCC_NO_COMMON_BLOCKS = YES;
				GCC_OPTIMIZATION_LEVEL = 0;
				GCC_PREPROCESSOR_DEFINITIONS = (
					"DEBUG=1",
					"$(inherited)",
				);
				GCC_WARN_64_TO_32_BIT_CONVERSION = YES;
				GCC_WARN_ABOUT_RETURN_TYPE = YES_ERROR;
				GCC_WARN_UNDECLARED_SELECTOR = YES;
				GCC_WARN_UNINITIALIZED_AUTOS = YES_AGGRESSIVE;
				GCC_WARN_UNUSED_FUNCTION = YES;
				GCC_WARN_UNUSED_VARIABLE = YES;
				IPHONEOS_DEPLOYMENT_TARGET = 11.4;
				MTL_ENABLE_DEBUG_INFO = YES;
				ONLY_ACTIVE_ARCH = YES;
				SDKROOT = iphoneos;
				SWIFT_ACTIVE_COMPILATION_CONDITIONS = DEBUG;
				SWIFT_OPTIMIZATION_LEVEL = "-Onone";
			};
			name = Debug;
		};
		1462DFEA20F2628700A5A139 /* Release */ = {
			isa = XCBuildConfiguration;
			buildSettings = {
				ALWAYS_SEARCH_USER_PATHS = NO;
				CLANG_ANALYZER_NONNULL = YES;
				CLANG_ANALYZER_NUMBER_OBJECT_CONVERSION = YES_AGGRESSIVE;
				CLANG_CXX_LANGUAGE_STANDARD = "gnu++14";
				CLANG_CXX_LIBRARY = "libc++";
				CLANG_ENABLE_MODULES = YES;
				CLANG_ENABLE_OBJC_ARC = YES;
				CLANG_ENABLE_OBJC_WEAK = YES;
				CLANG_WARN_BLOCK_CAPTURE_AUTORELEASING = YES;
				CLANG_WARN_BOOL_CONVERSION = YES;
				CLANG_WARN_COMMA = YES;
				CLANG_WARN_CONSTANT_CONVERSION = YES;
				CLANG_WARN_DEPRECATED_OBJC_IMPLEMENTATIONS = YES;
				CLANG_WARN_DIRECT_OBJC_ISA_USAGE = YES_ERROR;
				CLANG_WARN_DOCUMENTATION_COMMENTS = YES;
				CLANG_WARN_EMPTY_BODY = YES;
				CLANG_WARN_ENUM_CONVERSION = YES;
				CLANG_WARN_INFINITE_RECURSION = YES;
				CLANG_WARN_INT_CONVERSION = YES;
				CLANG_WARN_NON_LITERAL_NULL_CONVERSION = YES;
				CLANG_WARN_OBJC_IMPLICIT_RETAIN_SELF = YES;
				CLANG_WARN_OBJC_LITERAL_CONVERSION = YES;
				CLANG_WARN_OBJC_ROOT_CLASS = YES_ERROR;
				CLANG_WARN_RANGE_LOOP_ANALYSIS = YES;
				CLANG_WARN_STRICT_PROTOTYPES = YES;
				CLANG_WARN_SUSPICIOUS_MOVE = YES;
				CLANG_WARN_UNGUARDED_AVAILABILITY = YES_AGGRESSIVE;
				CLANG_WARN_UNREACHABLE_CODE = YES;
				CLANG_WARN__DUPLICATE_METHOD_MATCH = YES;
				CODE_SIGN_IDENTITY = "iPhone Developer";
				COPY_PHASE_STRIP = NO;
				DEBUG_INFORMATION_FORMAT = "dwarf-with-dsym";
				ENABLE_NS_ASSERTIONS = NO;
				ENABLE_STRICT_OBJC_MSGSEND = YES;
				GCC_C_LANGUAGE_STANDARD = gnu11;
				GCC_NO_COMMON_BLOCKS = YES;
				GCC_WARN_64_TO_32_BIT_CONVERSION = YES;
				GCC_WARN_ABOUT_RETURN_TYPE = YES_ERROR;
				GCC_WARN_UNDECLARED_SELECTOR = YES;
				GCC_WARN_UNINITIALIZED_AUTOS = YES_AGGRESSIVE;
				GCC_WARN_UNUSED_FUNCTION = YES;
				GCC_WARN_UNUSED_VARIABLE = YES;
				IPHONEOS_DEPLOYMENT_TARGET = 11.4;
				MTL_ENABLE_DEBUG_INFO = NO;
				SDKROOT = iphoneos;
				SWIFT_COMPILATION_MODE = wholemodule;
				SWIFT_OPTIMIZATION_LEVEL = "-O";
				VALIDATE_PRODUCT = YES;
			};
			name = Release;
		};
		1462DFEC20F2628700A5A139 /* Debug */ = {
			isa = XCBuildConfiguration;
			buildSettings = {
				ASSETCATALOG_COMPILER_APPICON_NAME = AppIcon;
				CODE_SIGN_STYLE = Automatic;
				INFOPLIST_FILE = LGCTemplate/Info.plist;
				LD_RUNPATH_SEARCH_PATHS = (
					"$(inherited)",
					"@executable_path/Frameworks",
				);
				PRODUCT_BUNDLE_IDENTIFIER = latinagirlscode.com.LGCTemplate;
				PRODUCT_NAME = "$(TARGET_NAME)";
				SWIFT_VERSION = 4.0;
				TARGETED_DEVICE_FAMILY = "1,2";
			};
			name = Debug;
		};
		1462DFED20F2628700A5A139 /* Release */ = {
			isa = XCBuildConfiguration;
			buildSettings = {
				ASSETCATALOG_COMPILER_APPICON_NAME = AppIcon;
				CODE_SIGN_STYLE = Automatic;
				INFOPLIST_FILE = LGCTemplate/Info.plist;
				LD_RUNPATH_SEARCH_PATHS = (
					"$(inherited)",
					"@executable_path/Frameworks",
				);
				PRODUCT_BUNDLE_IDENTIFIER = latinagirlscode.com.LGCTemplate;
				PRODUCT_NAME = "$(TARGET_NAME)";
				SWIFT_VERSION = 4.0;
				TARGETED_DEVICE_FAMILY = "1,2";
			};
			name = Release;
		};
		1462DFEF20F2628700A5A139 /* Debug */ = {
			isa = XCBuildConfiguration;
			buildSettings = {
				ALWAYS_EMBED_SWIFT_STANDARD_LIBRARIES = YES;
				BUNDLE_LOADER = "$(TEST_HOST)";
				CODE_SIGN_STYLE = Automatic;
				INFOPLIST_FILE = LGCTemplateTests/Info.plist;
				LD_RUNPATH_SEARCH_PATHS = (
					"$(inherited)",
					"@executable_path/Frameworks",
					"@loader_path/Frameworks",
				);
				PRODUCT_BUNDLE_IDENTIFIER = latinagirlscode.com.LGCTemplateTests;
				PRODUCT_NAME = "$(TARGET_NAME)";
				SWIFT_VERSION = 4.0;
				TARGETED_DEVICE_FAMILY = "1,2";
				TEST_HOST = "$(BUILT_PRODUCTS_DIR)/LGCTemplate.app/LGCTemplate";
			};
			name = Debug;
		};
		1462DFF020F2628700A5A139 /* Release */ = {
			isa = XCBuildConfiguration;
			buildSettings = {
				ALWAYS_EMBED_SWIFT_STANDARD_LIBRARIES = YES;
				BUNDLE_LOADER = "$(TEST_HOST)";
				CODE_SIGN_STYLE = Automatic;
				INFOPLIST_FILE = LGCTemplateTests/Info.plist;
				LD_RUNPATH_SEARCH_PATHS = (
					"$(inherited)",
					"@executable_path/Frameworks",
					"@loader_path/Frameworks",
				);
				PRODUCT_BUNDLE_IDENTIFIER = latinagirlscode.com.LGCTemplateTests;
				PRODUCT_NAME = "$(TARGET_NAME)";
				SWIFT_VERSION = 4.0;
				TARGETED_DEVICE_FAMILY = "1,2";
				TEST_HOST = "$(BUILT_PRODUCTS_DIR)/LGCTemplate.app/LGCTemplate";
			};
			name = Release;
		};
		1462DFF220F2628700A5A139 /* Debug */ = {
			isa = XCBuildConfiguration;
			buildSettings = {
				ALWAYS_EMBED_SWIFT_STANDARD_LIBRARIES = YES;
				CODE_SIGN_STYLE = Automatic;
				INFOPLIST_FILE = LGCTemplateUITests/Info.plist;
				LD_RUNPATH_SEARCH_PATHS = (
					"$(inherited)",
					"@executable_path/Frameworks",
					"@loader_path/Frameworks",
				);
				PRODUCT_BUNDLE_IDENTIFIER = latinagirlscode.com.LGCTemplateUITests;
				PRODUCT_NAME = "$(TARGET_NAME)";
				SWIFT_VERSION = 4.0;
				TARGETED_DEVICE_FAMILY = "1,2";
				TEST_TARGET_NAME = LGCTemplate;
			};
			name = Debug;
		};
		1462DFF320F2628700A5A139 /* Release */ = {
			isa = XCBuildConfiguration;
			buildSettings = {
				ALWAYS_EMBED_SWIFT_STANDARD_LIBRARIES = YES;
				CODE_SIGN_STYLE = Automatic;
				INFOPLIST_FILE = LGCTemplateUITests/Info.plist;
				LD_RUNPATH_SEARCH_PATHS = (
					"$(inherited)",
					"@executable_path/Frameworks",
					"@loader_path/Frameworks",
				);
				PRODUCT_BUNDLE_IDENTIFIER = latinagirlscode.com.LGCTemplateUITests;
				PRODUCT_NAME = "$(TARGET_NAME)";
				SWIFT_VERSION = 4.0;
				TARGETED_DEVICE_FAMILY = "1,2";
				TEST_TARGET_NAME = LGCTemplate;
			};
			name = Release;
		};
/* End XCBuildConfiguration section */

/* Begin XCConfigurationList section */
		1462DFBC20F2628500A5A139 /* Build configuration list for PBXProject "LGCTemplate" */ = {
			isa = XCConfigurationList;
			buildConfigurations = (
				1462DFE920F2628700A5A139 /* Debug */,
				1462DFEA20F2628700A5A139 /* Release */,
			);
			defaultConfigurationIsVisible = 0;
			defaultConfigurationName = Release;
		};
		1462DFEB20F2628700A5A139 /* Build configuration list for PBXNativeTarget "LGCTemplate" */ = {
			isa = XCConfigurationList;
			buildConfigurations = (
				1462DFEC20F2628700A5A139 /* Debug */,
				1462DFED20F2628700A5A139 /* Release */,
			);
			defaultConfigurationIsVisible = 0;
			defaultConfigurationName = Release;
		};
		1462DFEE20F2628700A5A139 /* Build configuration list for PBXNativeTarget "LGCTemplateTests" */ = {
			isa = XCConfigurationList;
			buildConfigurations = (
				1462DFEF20F2628700A5A139 /* Debug */,
				1462DFF020F2628700A5A139 /* Release */,
			);
			defaultConfigurationIsVisible = 0;
			defaultConfigurationName = Release;
		};
		1462DFF120F2628700A5A139 /* Build configuration list for PBXNativeTarget "LGCTemplateUITests" */ = {
			isa = XCConfigurationList;
			buildConfigurations = (
				1462DFF220F2628700A5A139 /* Debug */,
				1462DFF320F2628700A5A139 /* Release */,
			);
			defaultConfigurationIsVisible = 0;
			defaultConfigurationName = Release;
		};
/* End XCConfigurationList section */
	};
	rootObject = 1462DFB920F2628500A5A139 /* Project object */;
}
